
Microsoft Visual Studio Solution File, Format Version 12.00
# Visual Studio Version 17
VisualStudioVersion = 17.4.33205.214
MinimumVisualStudioVersion = 10.0.40219.1
Project("{FAE04EC0-301F-11D3-BF4B-00C04F79EFBC}") = "Bomcop", "Bomcop\Bomcop.csproj", "{AD74CD45-567D-4385-A551-3F7451646D47}"
EndProject
Global
	GlobalSection(SolutionConfigurationPlatforms) = preSolution
		Debug|Any CPU = Debug|Any CPU
		Release|Any CPU = Release|Any CPU
	EndGlobalSection
	GlobalSection(ProjectConfigurationPlatforms) = postSolution
		{AD74CD45-567D-4385-A551-3F7451646D47}.Debug|Any CPU.ActiveCfg = Debug|Any CPU
		{AD74CD45-567D-4385-A551-3F7451646D47}.Debug|Any CPU.Build.0 = Debug|Any CPU
		{AD74CD45-567D-4385-A551-3F7451646D47}.Release|Any CPU.ActiveCfg = Release|Any CPU
		{AD74CD45-567D-4385-A551-3F7451646D47}.Release|Any CPU.Build.0 = Release|Any CPU
	EndGlobalSection
	GlobalSection(SolutionProperties) = preSolution
		HideSolutionNode = FALSE
	EndGlobalSection
	GlobalSection(ExtensibilityGlobals) = postSolution
		SolutionGuid = {37A21772-C5F4-4FB2-8B81-6D959561D55A}
	EndGlobalSection
EndGlobal
